
Microsoft Visual Studio Solution File, Format Version 12.00
# Visual Studio Version 17
VisualStudioVersion = 17.4.33205.214
MinimumVisualStudioVersion = 10.0.40219.1
Project("{FAE04EC0-301F-11D3-BF4B-00C04F79EFBC}") = "dotnet_lab5_src", "dotnet_lab5_src\dotnet_lab5_src.csproj", "{2C5E80F9-9041-4FE6-B649-E667481C13D3}"
EndProject
Global
	GlobalSection(SolutionConfigurationPlatforms) = preSolution
		Debug|Any CPU = Debug|Any CPU
		Release|Any CPU = Release|Any CPU
	EndGlobalSection
	GlobalSection(ProjectConfigurationPlatforms) = postSolution
		{2C5E80F9-9041-4FE6-B649-E667481C13D3}.Debug|Any CPU.ActiveCfg = Debug|Any CPU
		{2C5E80F9-9041-4FE6-B649-E667481C13D3}.Debug|Any CPU.Build.0 = Debug|Any CPU
		{2C5E80F9-9041-4FE6-B649-E667481C13D3}.Release|Any CPU.ActiveCfg = Release|Any CPU
		{2C5E80F9-9041-4FE6-B649-E667481C13D3}.Release|Any CPU.Build.0 = Release|Any CPU
	EndGlobalSection
	GlobalSection(SolutionProperties) = preSolution
		HideSolutionNode = FALSE
	EndGlobalSection
	GlobalSection(ExtensibilityGlobals) = postSolution
		SolutionGuid = {84988C7C-30A8-4673-A5E3-04E6F3F6C7E5}
	EndGlobalSection
EndGlobal
